
Microsoft Visual Studio Solution File, Format Version 12.00
# Visual Studio Version 17
VisualStudioVersion = 17.0.32126.317
MinimumVisualStudioVersion = 10.0.40219.1
Project("{9A19103F-16F7-4668-BE54-9A1E7A4F7556}") = "WordleCloneWars", "WordleCloneWars\WordleCloneWars.csproj", "{61200A0F-7953-44F3-BDEC-5C2619C4B4C7}"
EndProject
Project("{2150E333-8FDC-42A3-9474-1A3956D46DE8}") = "BuildAndDeploy", "BuildAndDeploy", "{3B9F8FD4-38AF-4711-B680-E168EC81CEC4}"
	ProjectSection(SolutionItems) = preProject
		..\.editorconfig = ..\.editorconfig
		..\.gitignore = ..\.gitignore
		..\README.md = ..\README.md
	EndProjectSection
EndProject
Project("{FAE04EC0-301F-11D3-BF4B-00C04F79EFBC}") = "WordleCloneWars.Tests", "WordleCloneWars.Tests\WordleCloneWars.Tests.csproj", "{878FE94A-86D7-44E0-9819-1CB5210CA140}"
EndProject
Global
	GlobalSection(SolutionConfigurationPlatforms) = preSolution
		Debug|Any CPU = Debug|Any CPU
		Release|Any CPU = Release|Any CPU
	EndGlobalSection
	GlobalSection(ProjectConfigurationPlatforms) = postSolution
		{61200A0F-7953-44F3-BDEC-5C2619C4B4C7}.Debug|Any CPU.ActiveCfg = Debug|Any CPU
		{61200A0F-7953-44F3-BDEC-5C2619C4B4C7}.Debug|Any CPU.Build.0 = Debug|Any CPU
		{61200A0F-7953-44F3-BDEC-5C2619C4B4C7}.Release|Any CPU.ActiveCfg = Release|Any CPU
		{61200A0F-7953-44F3-BDEC-5C2619C4B4C7}.Release|Any CPU.Build.0 = Release|Any CPU
		{878FE94A-86D7-44E0-9819-1CB5210CA140}.Debug|Any CPU.ActiveCfg = Debug|Any CPU
		{878FE94A-86D7-44E0-9819-1CB5210CA140}.Debug|Any CPU.Build.0 = Debug|Any CPU
		{878FE94A-86D7-44E0-9819-1CB5210CA140}.Release|Any CPU.ActiveCfg = Release|Any CPU
		{878FE94A-86D7-44E0-9819-1CB5210CA140}.Release|Any CPU.Build.0 = Release|Any CPU
	EndGlobalSection
	GlobalSection(SolutionProperties) = preSolution
		HideSolutionNode = FALSE
	EndGlobalSection
	GlobalSection(ExtensibilityGlobals) = postSolution
		SolutionGuid = {FF6FA290-8BDC-4D7C-BF9B-273D8DF01D54}
	EndGlobalSection
EndGlobal
